
Microsoft Visual Studio Solution File, Format Version 12.00
# Visual Studio Version 17
VisualStudioVersion = 17.14.37516.0
MinimumVisualStudioVersion = 10.0.40219.1
Project("{FAE04EC0-301F-11D3-BF4B-00C04F79EFBC}") = "ABCRetail", "ABCRetail.csproj", "{15137200-B9B4-4364-9CCC-6B5836BB751D}"
EndProject
Global
	GlobalSection(SolutionConfigurationPlatforms) = preSolution
		Debug|Any CPU = Debug|Any CPU
		Release|Any CPU = Release|Any CPU
	EndGlobalSection
	GlobalSection(ProjectConfigurationPlatforms) = postSolution
		{15137200-B9B4-4364-9CCC-6B5836BB751D}.Debug|Any CPU.ActiveCfg = Debug|Any CPU
		{15137200-B9B4-4364-9CCC-6B5836BB751D}.Debug|Any CPU.Build.0 = Debug|Any CPU
		{15137200-B9B4-4364-9CCC-6B5836BB751D}.Release|Any CPU.ActiveCfg = Release|Any CPU
		{15137200-B9B4-4364-9CCC-6B5836BB751D}.Release|Any CPU.Build.0 = Release|Any CPU
	EndGlobalSection
	GlobalSection(SolutionProperties) = preSolution
		HideSolutionNode = FALSE
	EndGlobalSection
	GlobalSection(ExtensibilityGlobals) = postSolution
		SolutionGuid = {9508ED05-DBF4-4D7A-9187-FC3908C4A317}
	EndGlobalSection
EndGlobal
